
Microsoft Visual Studio Solution File, Format Version 12.00
# Visual Studio 15
VisualStudioVersion = 15.0.28307.271
MinimumVisualStudioVersion = 10.0.40219.1
Project("{FAE04EC0-301F-11D3-BF4B-00C04F79EFBC}") = "SetClient", "SetClient\SetClient.csproj", "{80FB6E8D-1075-4870-BA85-EEA8F5C37BD6}"
EndProject
Global
	GlobalSection(SolutionConfigurationPlatforms) = preSolution
		Debug|Any CPU = Debug|Any CPU
		Release|Any CPU = Release|Any CPU
	EndGlobalSection
	GlobalSection(ProjectConfigurationPlatforms) = postSolution
		{80FB6E8D-1075-4870-BA85-EEA8F5C37BD6}.Debug|Any CPU.ActiveCfg = Debug|Any CPU
		{80FB6E8D-1075-4870-BA85-EEA8F5C37BD6}.Debug|Any CPU.Build.0 = Debug|Any CPU
		{80FB6E8D-1075-4870-BA85-EEA8F5C37BD6}.Release|Any CPU.ActiveCfg = Release|Any CPU
		{80FB6E8D-1075-4870-BA85-EEA8F5C37BD6}.Release|Any CPU.Build.0 = Release|Any CPU
	EndGlobalSection
	GlobalSection(SolutionProperties) = preSolution
		HideSolutionNode = FALSE
	EndGlobalSection
	GlobalSection(ExtensibilityGlobals) = postSolution
		SolutionGuid = {1E123F86-65C5-450A-80B5-0CDE2DBAA95D}
	EndGlobalSection
EndGlobal
